// !$*UTF8*$!
{
	archiveVersion = 1;
	classes = {
	};
	objectVersion = 50;
	objects = {

/* Begin PBXBuildFile section */
		530801D52295BE1700202343 /* FavoritesViewController.swift in Sources */ = {isa = PBXBuildFile; fileRef = 530801D42295BE1600202343 /* FavoritesViewController.swift */; };
		5308FDA4229166B100EE0308 /* endPoint.swift in Sources */ = {isa = PBXBuildFile; fileRef = 5308FDA3229166B100EE0308 /* endPoint.swift */; };
		5308FDA622916FED00EE0308 /* weatherApiClient.swift in Sources */ = {isa = PBXBuildFile; fileRef = 5308FDA522916FED00EE0308 /* weatherApiClient.swift */; };
		530D1A132290563A005DB7A0 /* weatherApi.swift in Sources */ = {isa = PBXBuildFile; fileRef = 530D1A122290563A005DB7A0 /* weatherApi.swift */; };
		530D1A152290604D005DB7A0 /* ApiClient.swift in Sources */ = {isa = PBXBuildFile; fileRef = 530D1A142290604D005DB7A0 /* ApiClient.swift */; };
		531974C622901AA100DED237 /* AppDelegate.swift in Sources */ = {isa = PBXBuildFile; fileRef = 531974C522901AA100DED237 /* AppDelegate.swift */; };
		531974CB22901AA100DED237 /* Main.storyboard in Resources */ = {isa = PBXBuildFile; fileRef = 531974C922901AA100DED237 /* Main.storyboard */; };
		531974CD22901AA300DED237 /* Assets.xcassets in Resources */ = {isa = PBXBuildFile; fileRef = 531974CC22901AA300DED237 /* Assets.xcassets */; };
		531974D022901AA300DED237 /* LaunchScreen.storyboard in Resources */ = {isa = PBXBuildFile; fileRef = 531974CE22901AA300DED237 /* LaunchScreen.storyboard */; };
		5376473722947E5800181482 /* Location.swift in Sources */ = {isa = PBXBuildFile; fileRef = 5376473622947E5800181482 /* Location.swift */; };
		5378CA5C2291B10800B26DCB /* extras.swift in Sources */ = {isa = PBXBuildFile; fileRef = 5378CA5B2291B10800B26DCB /* extras.swift */; };
		5378CA5E2291BC2C00B26DCB /* extensions.swift in Sources */ = {isa = PBXBuildFile; fileRef = 5378CA5D2291BC2C00B26DCB /* extensions.swift */; };
		5378CA602291C9CF00B26DCB /* WeatherViewController.swift in Sources */ = {isa = PBXBuildFile; fileRef = 5378CA5F2291C9CF00B26DCB /* WeatherViewController.swift */; };
		5378CA622291CEBF00B26DCB /* ForecastCell.swift in Sources */ = {isa = PBXBuildFile; fileRef = 5378CA612291CEBF00B26DCB /* ForecastCell.swift */; };
		5378CA642291D79500B26DCB /* ForecastWeather.swift in Sources */ = {isa = PBXBuildFile; fileRef = 5378CA632291D79500B26DCB /* ForecastWeather.swift */; };
		5378CA662291EC3300B26DCB /* DetailsViewController.swift in Sources */ = {isa = PBXBuildFile; fileRef = 5378CA652291EC3300B26DCB /* DetailsViewController.swift */; };
		53ECD2AA2295D5410073A774 /* FavoriteCell.swift in Sources */ = {isa = PBXBuildFile; fileRef = 53ECD2A92295D5410073A774 /* FavoriteCell.swift */; };
		B4646E86625A97941985DFF5 /* Pods_weatherApp.framework in Frameworks */ = {isa = PBXBuildFile; fileRef = C06BDA5EE75679D0D3966DB0 /* Pods_weatherApp.framework */; };
/* End PBXBuildFile section */

/* Begin PBXFileReference section */
		38920B705C207A4D768BB299 /* Pods-weatherApp.debug.xcconfig */ = {isa = PBXFileReference; includeInIndex = 1; lastKnownFileType = text.xcconfig; name = "Pods-weatherApp.debug.xcconfig"; path = "Target Support Files/Pods-weatherApp/Pods-weatherApp.debug.xcconfig"; sourceTree = "<group>"; };
		38A1057272A36EEFE74CABC1 /* Pods-weatherApp.release.xcconfig */ = {isa = PBXFileReference; includeInIndex = 1; lastKnownFileType = text.xcconfig; name = "Pods-weatherApp.release.xcconfig"; path = "Target Support Files/Pods-weatherApp/Pods-weatherApp.release.xcconfig"; sourceTree = "<group>"; };
		530801D42295BE1600202343 /* FavoritesViewController.swift */ = {isa = PBXFileReference; lastKnownFileType = sourcecode.swift; path = FavoritesViewController.swift; sourceTree = "<group>"; };
		5308FDA3229166B100EE0308 /* endPoint.swift */ = {isa = PBXFileReference; lastKnownFileType = sourcecode.swift; path = endPoint.swift; sourceTree = "<group>"; };
		5308FDA522916FED00EE0308 /* weatherApiClient.swift */ = {isa = PBXFileReference; lastKnownFileType = sourcecode.swift; path = weatherApiClient.swift; sourceTree = "<group>"; };
		530D1A122290563A005DB7A0 /* weatherApi.swift */ = {isa = PBXFileReference; lastKnownFileType = sourcecode.swift; path = weatherApi.swift; sourceTree = "<group>"; };
		530D1A142290604D005DB7A0 /* ApiClient.swift */ = {isa = PBXFileReference; lastKnownFileType = sourcecode.swift; path = ApiClient.swift; sourceTree = "<group>"; };
		531974C222901AA100DED237 /* weatherApp.app */ = {isa = PBXFileReference; explicitFileType = wrapper.application; includeInIndex = 0; path = weatherApp.app; sourceTree = BUILT_PRODUCTS_DIR; };
		531974C522901AA100DED237 /* AppDelegate.swift */ = {isa = PBXFileReference; lastKnownFileType = sourcecode.swift; path = AppDelegate.swift; sourceTree = "<group>"; };
		531974CA22901AA100DED237 /* Base */ = {isa = PBXFileReference; lastKnownFileType = file.storyboard; name = Base; path = Base.lproj/Main.storyboard; sourceTree = "<group>"; };
		531974CC22901AA300DED237 /* Assets.xcassets */ = {isa = PBXFileReference; lastKnownFileType = folder.assetcatalog; path = Assets.xcassets; sourceTree = "<group>"; };
		531974CF22901AA300DED237 /* Base */ = {isa = PBXFileReference; lastKnownFileType = file.storyboard; name = Base; path = Base.lproj/LaunchScreen.storyboard; sourceTree = "<group>"; };
		531974D122901AA300DED237 /* Info.plist */ = {isa = PBXFileReference; lastKnownFileType = text.plist.xml; path = Info.plist; sourceTree = "<group>"; };
		5376473622947E5800181482 /* Location.swift */ = {isa = PBXFileReference; lastKnownFileType = sourcecode.swift; path = Location.swift; sourceTree = "<group>"; };
		5378CA5B2291B10800B26DCB /* extras.swift */ = {isa = PBXFileReference; lastKnownFileType = sourcecode.swift; path = extras.swift; sourceTree = "<group>"; };
		5378CA5D2291BC2C00B26DCB /* extensions.swift */ = {isa = PBXFileReference; lastKnownFileType = sourcecode.swift; path = extensions.swift; sourceTree = "<group>"; };
		5378CA5F2291C9CF00B26DCB /* WeatherViewController.swift */ = {isa = PBXFileReference; lastKnownFileType = sourcecode.swift; path = WeatherViewController.swift; sourceTree = "<group>"; };
		5378CA612291CEBF00B26DCB /* ForecastCell.swift */ = {isa = PBXFileReference; lastKnownFileType = sourcecode.swift; path = ForecastCell.swift; sourceTree = "<group>"; };
		5378CA632291D79500B26DCB /* ForecastWeather.swift */ = {isa = PBXFileReference; lastKnownFileType = sourcecode.swift; path = ForecastWeather.swift; sourceTree = "<group>"; };
		5378CA652291EC3300B26DCB /* DetailsViewController.swift */ = {isa = PBXFileReference; lastKnownFileType = sourcecode.swift; path = DetailsViewController.swift; sourceTree = "<group>"; };
		53ECD2A92295D5410073A774 /* FavoriteCell.swift */ = {isa = PBXFileReference; lastKnownFileType = sourcecode.swift; path = FavoriteCell.swift; sourceTree = "<group>"; };
		C06BDA5EE75679D0D3966DB0 /* Pods_weatherApp.framework */ = {isa = PBXFileReference; explicitFileType = wrapper.framework; includeInIndex = 0; path = Pods_weatherApp.framework; sourceTree = BUILT_PRODUCTS_DIR; };
/* End PBXFileReference section */

/* Begin PBXFrameworksBuildPhase section */
		531974BF22901AA100DED237 /* Frameworks */ = {
			isa = PBXFrameworksBuildPhase;
			buildActionMask = 2147483647;
			files = (
				B4646E86625A97941985DFF5 /* Pods_weatherApp.framework in Frameworks */,
			);
			runOnlyForDeploymentPostprocessing = 0;
		};
/* End PBXFrameworksBuildPhase section */

/* Begin PBXGroup section */
		4749F00A99E73BC3DA43E226 /* Pods */ = {
			isa = PBXGroup;
			children = (
				38920B705C207A4D768BB299 /* Pods-weatherApp.debug.xcconfig */,
				38A1057272A36EEFE74CABC1 /* Pods-weatherApp.release.xcconfig */,
			);
			path = Pods;
			sourceTree = "<group>";
		};
		5308FDA722919D3000EE0308 /* Extras */ = {
			isa = PBXGroup;
			children = (
				5378CA5B2291B10800B26DCB /* extras.swift */,
			);
			path = Extras;
			sourceTree = "<group>";
		};
		5308FDA822919D3900EE0308 /* Extensions */ = {
			isa = PBXGroup;
			children = (
				5378CA5D2291BC2C00B26DCB /* extensions.swift */,
			);
			path = Extensions;
			sourceTree = "<group>";
		};
		5308FDA922919D5100EE0308 /* view */ = {
			isa = PBXGroup;
			children = (
				5378CA612291CEBF00B26DCB /* ForecastCell.swift */,
				53ECD2A92295D5410073A774 /* FavoriteCell.swift */,
			);
			path = view;
			sourceTree = "<group>";
		};
		530D1A1122905609005DB7A0 /* API */ = {
			isa = PBXGroup;
			children = (
				530D1A122290563A005DB7A0 /* weatherApi.swift */,
				530D1A142290604D005DB7A0 /* ApiClient.swift */,
				5308FDA3229166B100EE0308 /* endPoint.swift */,
				5308FDA522916FED00EE0308 /* weatherApiClient.swift */,
			);
			path = API;
			sourceTree = "<group>";
		};
		531974B922901AA100DED237 = {
			isa = PBXGroup;
			children = (
				531974C422901AA100DED237 /* weatherApp */,
				531974C322901AA100DED237 /* Products */,
				4749F00A99E73BC3DA43E226 /* Pods */,
				678AE800AC9930D1FA04F1AF /* Frameworks */,
			);
			sourceTree = "<group>";
		};
		531974C322901AA100DED237 /* Products */ = {
			isa = PBXGroup;
			children = (
				531974C222901AA100DED237 /* weatherApp.app */,
			);
			name = Products;
			sourceTree = "<group>";
		};
		531974C422901AA100DED237 /* weatherApp */ = {
			isa = PBXGroup;
			children = (
				5308FDA822919D3900EE0308 /* Extensions */,
				5308FDA722919D3000EE0308 /* Extras */,
				530D1A1122905609005DB7A0 /* API */,
				531974D822901D6100DED237 /* controller */,
				531974D722901D5900DED237 /* model */,
				5308FDA922919D5100EE0308 /* view */,
				531974C522901AA100DED237 /* AppDelegate.swift */,
				531974C922901AA100DED237 /* Main.storyboard */,
				531974CC22901AA300DED237 /* Assets.xcassets */,
				531974CE22901AA300DED237 /* LaunchScreen.storyboard */,
				531974D122901AA300DED237 /* Info.plist */,
			);
			path = weatherApp;
			sourceTree = "<group>";
		};
		531974D722901D5900DED237 /* model */ = {
			isa = PBXGroup;
			children = (
				5378CA632291D79500B26DCB /* ForecastWeather.swift */,
				5376473622947E5800181482 /* Location.swift */,
			);
			path = model;
			sourceTree = "<group>";
		};
		531974D822901D6100DED237 /* controller */ = {
			isa = PBXGroup;
			children = (
				5378CA5F2291C9CF00B26DCB /* WeatherViewController.swift */,
				5378CA652291EC3300B26DCB /* DetailsViewController.swift */,
				530801D42295BE1600202343 /* FavoritesViewController.swift */,
			);
			path = controller;
			sourceTree = "<group>";
		};
		678AE800AC9930D1FA04F1AF /* Frameworks */ = {
			isa = PBXGroup;
			children = (
				C06BDA5EE75679D0D3966DB0 /* Pods_weatherApp.framework */,
			);
			name = Frameworks;
			sourceTree = "<group>";
		};
/* End PBXGroup section */

/* Begin PBXNativeTarget section */
		531974C122901AA100DED237 /* weatherApp */ = {
			isa = PBXNativeTarget;
			buildConfigurationList = 531974D422901AA300DED237 /* Build configuration list for PBXNativeTarget "weatherApp" */;
			buildPhases = (
				DE75E676FC49FD2624A8ABE3 /* [CP] Check Pods Manifest.lock */,
				531974BE22901AA100DED237 /* Sources */,
				531974BF22901AA100DED237 /* Frameworks */,
				531974C022901AA100DED237 /* Resources */,
				C422216BB72415503BFC3876 /* [CP] Embed Pods Frameworks */,
				2B79C0528E8575C0B7733467 /* [CP] Copy Pods Resources */,
			);
			buildRules = (
			);
			dependencies = (
			);
			name = weatherApp;
			productName = weatherApp;
			productReference = 531974C222901AA100DED237 /* weatherApp.app */;
			productType = "com.apple.product-type.application";
		};
/* End PBXNativeTarget section */

/* Begin PBXProject section */
		531974BA22901AA100DED237 /* Project object */ = {
			isa = PBXProject;
			attributes = {
				LastSwiftUpdateCheck = 1010;
				LastUpgradeCheck = 1010;
				ORGANIZATIONNAME = Sourabh;
				TargetAttributes = {
					531974C122901AA100DED237 = {
						CreatedOnToolsVersion = 10.1;
					};
				};
			};
			buildConfigurationList = 531974BD22901AA100DED237 /* Build configuration list for PBXProject "weatherApp" */;
			compatibilityVersion = "Xcode 9.3";
			developmentRegion = en;
			hasScannedForEncodings = 0;
			knownRegions = (
				en,
				Base,
			);
			mainGroup = 531974B922901AA100DED237;
			productRefGroup = 531974C322901AA100DED237 /* Products */;
			projectDirPath = "";
			projectRoot = "";
			targets = (
				531974C122901AA100DED237 /* weatherApp */,
			);
		};
/* End PBXProject section */

/* Begin PBXResourcesBuildPhase section */
		531974C022901AA100DED237 /* Resources */ = {
			isa = PBXResourcesBuildPhase;
			buildActionMask = 2147483647;
			files = (
				531974D022901AA300DED237 /* LaunchScreen.storyboard in Resources */,
				531974CD22901AA300DED237 /* Assets.xcassets in Resources */,
				531974CB22901AA100DED237 /* Main.storyboard in Resources */,
			);
			runOnlyForDeploymentPostprocessing = 0;
		};
/* End PBXResourcesBuildPhase section */

/* Begin PBXShellScriptBuildPhase section */
		2B79C0528E8575C0B7733467 /* [CP] Copy Pods Resources */ = {
			isa = PBXShellScriptBuildPhase;
			buildActionMask = 2147483647;
			files = (
			);
			inputFileListPaths = (
			);
			inputPaths = (
				"${PODS_ROOT}/Target Support Files/Pods-weatherApp/Pods-weatherApp-resources.sh",
				"${PODS_ROOT}/GooglePlaces/Frameworks/GooglePlaces.framework/Resources/GooglePlaces.bundle",
			);
			name = "[CP] Copy Pods Resources";
			outputFileListPaths = (
			);
			outputPaths = (
				"${TARGET_BUILD_DIR}/${UNLOCALIZED_RESOURCES_FOLDER_PATH}/GooglePlaces.bundle",
			);
			runOnlyForDeploymentPostprocessing = 0;
			shellPath = /bin/sh;
			shellScript = "\"${PODS_ROOT}/Target Support Files/Pods-weatherApp/Pods-weatherApp-resources.sh\"\n";
			showEnvVarsInLog = 0;
		};
		C422216BB72415503BFC3876 /* [CP] Embed Pods Frameworks */ = {
			isa = PBXShellScriptBuildPhase;
			buildActionMask = 2147483647;
			files = (
			);
			inputFileListPaths = (
			);
			inputPaths = (
				"${PODS_ROOT}/Target Support Files/Pods-weatherApp/Pods-weatherApp-frameworks.sh",
				"${BUILT_PRODUCTS_DIR}/Alamofire/Alamofire.framework",
				"${BUILT_PRODUCTS_DIR}/SwiftyJSON/SwiftyJSON.framework",
			);
			name = "[CP] Embed Pods Frameworks";
			outputFileListPaths = (
			);
			outputPaths = (
				"${TARGET_BUILD_DIR}/${FRAMEWORKS_FOLDER_PATH}/Alamofire.framework",
				"${TARGET_BUILD_DIR}/${FRAMEWORKS_FOLDER_PATH}/SwiftyJSON.framework",
			);
			runOnlyForDeploymentPostprocessing = 0;
			shellPath = /bin/sh;
			shellScript = "\"${PODS_ROOT}/Target Support Files/Pods-weatherApp/Pods-weatherApp-frameworks.sh\"\n";
			showEnvVarsInLog = 0;
		};
		DE75E676FC49FD2624A8ABE3 /* [CP] Check Pods Manifest.lock */ = {
			isa = PBXShellScriptBuildPhase;
			buildActionMask = 2147483647;
			files = (
			);
			inputFileListPaths = (
			);
			inputPaths = (
				"${PODS_PODFILE_DIR_PATH}/Podfile.lock",
				"${PODS_ROOT}/Manifest.lock",
			);
			name = "[CP] Check Pods Manifest.lock";
			outputFileListPaths = (
			);
			outputPaths = (
				"$(DERIVED_FILE_DIR)/Pods-weatherApp-checkManifestLockResult.txt",
			);
			runOnlyForDeploymentPostprocessing = 0;
			shellPath = /bin/sh;
			shellScript = "diff \"${PODS_PODFILE_DIR_PATH}/Podfile.lock\" \"${PODS_ROOT}/Manifest.lock\" > /dev/null\nif [ $? != 0 ] ; then\n    # print error to STDERR\n    echo \"error: The sandbox is not in sync with the Podfile.lock. Run 'pod install' or update your CocoaPods installation.\" >&2\n    exit 1\nfi\n# This output is used by Xcode 'outputs' to avoid re-running this script phase.\necho \"SUCCESS\" > \"${SCRIPT_OUTPUT_FILE_0}\"\n";
			showEnvVarsInLog = 0;
		};
/* End PBXShellScriptBuildPhase section */

/* Begin PBXSourcesBuildPhase section */
		531974BE22901AA100DED237 /* Sources */ = {
			isa = PBXSourcesBuildPhase;
			buildActionMask = 2147483647;
			files = (
				530801D52295BE1700202343 /* FavoritesViewController.swift in Sources */,
				530D1A132290563A005DB7A0 /* weatherApi.swift in Sources */,
				531974C622901AA100DED237 /* AppDelegate.swift in Sources */,
				5308FDA4229166B100EE0308 /* endPoint.swift in Sources */,
				5378CA662291EC3300B26DCB /* DetailsViewController.swift in Sources */,
				5378CA5E2291BC2C00B26DCB /* extensions.swift in Sources */,
				5378CA622291CEBF00B26DCB /* ForecastCell.swift in Sources */,
				5378CA642291D79500B26DCB /* ForecastWeather.swift in Sources */,
				5378CA5C2291B10800B26DCB /* extras.swift in Sources */,
				53ECD2AA2295D5410073A774 /* FavoriteCell.swift in Sources */,
				5378CA602291C9CF00B26DCB /* WeatherViewController.swift in Sources */,
				5308FDA622916FED00EE0308 /* weatherApiClient.swift in Sources */,
				5376473722947E5800181482 /* Location.swift in Sources */,
				530D1A152290604D005DB7A0 /* ApiClient.swift in Sources */,
			);
			runOnlyForDeploymentPostprocessing = 0;
		};
/* End PBXSourcesBuildPhase section */

/* Begin PBXVariantGroup section */
		531974C922901AA100DED237 /* Main.storyboard */ = {
			isa = PBXVariantGroup;
			children = (
				531974CA22901AA100DED237 /* Base */,
			);
			name = Main.storyboard;
			sourceTree = "<group>";
		};
		531974CE22901AA300DED237 /* LaunchScreen.storyboard */ = {
			isa = PBXVariantGroup;
			children = (
				531974CF22901AA300DED237 /* Base */,
			);
			name = LaunchScreen.storyboard;
			sourceTree = "<group>";
		};
/* End PBXVariantGroup section */

/* Begin XCBuildConfiguration section */
		531974D222901AA300DED237 /* Debug */ = {
			isa = XCBuildConfiguration;
			buildSettings = {
				ALWAYS_SEARCH_USER_PATHS = NO;
				CLANG_ANALYZER_NONNULL = YES;
				CLANG_ANALYZER_NUMBER_OBJECT_CONVERSION = YES_AGGRESSIVE;
				CLANG_CXX_LANGUAGE_STANDARD = "gnu++14";
				CLANG_CXX_LIBRARY = "libc++";
				CLANG_ENABLE_MODULES = YES;
				CLANG_ENABLE_OBJC_ARC = YES;
				CLANG_ENABLE_OBJC_WEAK = YES;
				CLANG_WARN_BLOCK_CAPTURE_AUTORELEASING = YES;
				CLANG_WARN_BOOL_CONVERSION = YES;
				CLANG_WARN_COMMA = YES;
				CLANG_WARN_CONSTANT_CONVERSION = YES;
				CLANG_WARN_DEPRECATED_OBJC_IMPLEMENTATIONS = YES;
				CLANG_WARN_DIRECT_OBJC_ISA_USAGE = YES_ERROR;
				CLANG_WARN_DOCUMENTATION_COMMENTS = YES;
				CLANG_WARN_EMPTY_BODY = YES;
				CLANG_WARN_ENUM_CONVERSION = YES;
				CLANG_WARN_INFINITE_RECURSION = YES;
				CLANG_WARN_INT_CONVERSION = YES;
				CLANG_WARN_NON_LITERAL_NULL_CONVERSION = YES;
				CLANG_WARN_OBJC_IMPLICIT_RETAIN_SELF = YES;
				CLANG_WARN_OBJC_LITERAL_CONVERSION = YES;
				CLANG_WARN_OBJC_ROOT_CLASS = YES_ERROR;
				CLANG_WARN_RANGE_LOOP_ANALYSIS = YES;
				CLANG_WARN_STRICT_PROTOTYPES = YES;
				CLANG_WARN_SUSPICIOUS_MOVE = YES;
				CLANG_WARN_UNGUARDED_AVAILABILITY = YES_AGGRESSIVE;
				CLANG_WARN_UNREACHABLE_CODE = YES;
				CLANG_WARN__DUPLICATE_METHOD_MATCH = YES;
				CODE_SIGN_IDENTITY = "iPhone Developer";
				COPY_PHASE_STRIP = NO;
				DEBUG_INFORMATION_FORMAT = dwarf;
				ENABLE_STRICT_OBJC_MSGSEND = YES;
				ENABLE_TESTABILITY = YES;
				GCC_C_LANGUAGE_STANDARD = gnu11;
				GCC_DYNAMIC_NO_PIC = NO;
				GCC_NO_COMMON_BLOCKS = YES;
				GCC_OPTIMIZATION_LEVEL = 0;
				GCC_PREPROCESSOR_DEFINITIONS = (
					"DEBUG=1",
					"$(inherited)",
				);
				GCC_WARN_64_TO_32_BIT_CONVERSION = YES;
				GCC_WARN_ABOUT_RETURN_TYPE = YES_ERROR;
				GCC_WARN_UNDECLARED_SELECTOR = YES;
				GCC_WARN_UNINITIALIZED_AUTOS = YES_AGGRESSIVE;
				GCC_WARN_UNUSED_FUNCTION = YES;
				GCC_WARN_UNUSED_VARIABLE = YES;
				IPHONEOS_DEPLOYMENT_TARGET = 12.1;
				MTL_ENABLE_DEBUG_INFO = INCLUDE_SOURCE;
				MTL_FAST_MATH = YES;
				ONLY_ACTIVE_ARCH = YES;
				SDKROOT = iphoneos;
				SWIFT_ACTIVE_COMPILATION_CONDITIONS = DEBUG;
				SWIFT_OPTIMIZATION_LEVEL = "-Onone";
			};
			name = Debug;
		};
		531974D322901AA300DED237 /* Release */ = {
			isa = XCBuildConfiguration;
			buildSettings = {
				ALWAYS_SEARCH_USER_PATHS = NO;
				CLANG_ANALYZER_NONNULL = YES;
				CLANG_ANALYZER_NUMBER_OBJECT_CONVERSION = YES_AGGRESSIVE;
				CLANG_CXX_LANGUAGE_STANDARD = "gnu++14";
				CLANG_CXX_LIBRARY = "libc++";
				CLANG_ENABLE_MODULES = YES;
				CLANG_ENABLE_OBJC_ARC = YES;
				CLANG_ENABLE_OBJC_WEAK = YES;
				CLANG_WARN_BLOCK_CAPTURE_AUTORELEASING = YES;
				CLANG_WARN_BOOL_CONVERSION = YES;
				CLANG_WARN_COMMA = YES;
				CLANG_WARN_CONSTANT_CONVERSION = YES;
				CLANG_WARN_DEPRECATED_OBJC_IMPLEMENTATIONS = YES;
				CLANG_WARN_DIRECT_OBJC_ISA_USAGE = YES_ERROR;
				CLANG_WARN_DOCUMENTATION_COMMENTS = YES;
				CLANG_WARN_EMPTY_BODY = YES;
				CLANG_WARN_ENUM_CONVERSION = YES;
				CLANG_WARN_INFINITE_RECURSION = YES;
				CLANG_WARN_INT_CONVERSION = YES;
				CLANG_WARN_NON_LITERAL_NULL_CONVERSION = YES;
				CLANG_WARN_OBJC_IMPLICIT_RETAIN_SELF = YES;
				CLANG_WARN_OBJC_LITERAL_CONVERSION = YES;
				CLANG_WARN_OBJC_ROOT_CLASS = YES_ERROR;
				CLANG_WARN_RANGE_LOOP_ANALYSIS = YES;
				CLANG_WARN_STRICT_PROTOTYPES = YES;
				CLANG_WARN_SUSPICIOUS_MOVE = YES;
				CLANG_WARN_UNGUARDED_AVAILABILITY = YES_AGGRESSIVE;
				CLANG_WARN_UNREACHABLE_CODE = YES;
				CLANG_WARN__DUPLICATE_METHOD_MATCH = YES;
				CODE_SIGN_IDENTITY = "iPhone Developer";
				COPY_PHASE_STRIP = NO;
				DEBUG_INFORMATION_FORMAT = "dwarf-with-dsym";
				ENABLE_NS_ASSERTIONS = NO;
				ENABLE_STRICT_OBJC_MSGSEND = YES;
				GCC_C_LANGUAGE_STANDARD = gnu11;
				GCC_NO_COMMON_BLOCKS = YES;
				GCC_WARN_64_TO_32_BIT_CONVERSION = YES;
				GCC_WARN_ABOUT_RETURN_TYPE = YES_ERROR;
				GCC_WARN_UNDECLARED_SELECTOR = YES;
				GCC_WARN_UNINITIALIZED_AUTOS = YES_AGGRESSIVE;
				GCC_WARN_UNUSED_FUNCTION = YES;
				GCC_WARN_UNUSED_VARIABLE = YES;
				IPHONEOS_DEPLOYMENT_TARGET = 12.1;
				MTL_ENABLE_DEBUG_INFO = NO;
				MTL_FAST_MATH = YES;
				SDKROOT = iphoneos;
				SWIFT_COMPILATION_MODE = wholemodule;
				SWIFT_OPTIMIZATION_LEVEL = "-O";
				VALIDATE_PRODUCT = YES;
			};
			name = Release;
		};
		531974D522901AA300DED237 /* Debug */ = {
			isa = XCBuildConfiguration;
			baseConfigurationReference = 38920B705C207A4D768BB299 /* Pods-weatherApp.debug.xcconfig */;
			buildSettings = {
				ASSETCATALOG_COMPILER_APPICON_NAME = AppIcon;
				CODE_SIGN_STYLE = Automatic;
				INFOPLIST_FILE = weatherApp/Info.plist;
				LD_RUNPATH_SEARCH_PATHS = (
					"$(inherited)",
					"@executable_path/Frameworks",
				);
				PRODUCT_BUNDLE_IDENTIFIER = swin.ios.weatherApp;
				PRODUCT_NAME = "$(TARGET_NAME)";
				SWIFT_VERSION = 4.2;
				TARGETED_DEVICE_FAMILY = "1,2";
			};
			name = Debug;
		};
		531974D622901AA300DED237 /* Release */ = {
			isa = XCBuildConfiguration;
			baseConfigurationReference = 38A1057272A36EEFE74CABC1 /* Pods-weatherApp.release.xcconfig */;
			buildSettings = {
				ASSETCATALOG_COMPILER_APPICON_NAME = AppIcon;
				CODE_SIGN_STYLE = Automatic;
				INFOPLIST_FILE = weatherApp/Info.plist;
				LD_RUNPATH_SEARCH_PATHS = (
					"$(inherited)",
					"@executable_path/Frameworks",
				);
				PRODUCT_BUNDLE_IDENTIFIER = swin.ios.weatherApp;
				PRODUCT_NAME = "$(TARGET_NAME)";
				SWIFT_VERSION = 4.2;
				TARGETED_DEVICE_FAMILY = "1,2";
			};
			name = Release;
		};
/* End XCBuildConfiguration section */

/* Begin XCConfigurationList section */
		531974BD22901AA100DED237 /* Build configuration list for PBXProject "weatherApp" */ = {
			isa = XCConfigurationList;
			buildConfigurations = (
				531974D222901AA300DED237 /* Debug */,
				531974D322901AA300DED237 /* Release */,
			);
			defaultConfigurationIsVisible = 0;
			defaultConfigurationName = Release;
		};
		531974D422901AA300DED237 /* Build configuration list for PBXNativeTarget "weatherApp" */ = {
			isa = XCConfigurationList;
			buildConfigurations = (
				531974D522901AA300DED237 /* Debug */,
				531974D622901AA300DED237 /* Release */,
			);
			defaultConfigurationIsVisible = 0;
			defaultConfigurationName = Release;
		};
/* End XCConfigurationList section */
	};
	rootObject = 531974BA22901AA100DED237 /* Project object */;
}
